# THIS IS AN AUTOGENERATED FILE. DO NOT EDIT THIS FILE DIRECTLY.
# yarn lockfile v1


"@better-scroll/core@^2.0.6":
  version "2.0.6"
  resolved "https://registry.npm.taobao.org/@better-scroll/core/download/@better-scroll/core-2.0.6.tgz#31df475113f68c15a273eb3ad0ef725b3f2d68e6"
  integrity sha1-Md9HURP2jBWic+s60O9yWz8taOY=
  dependencies:
    "@better-scroll/shared-utils" "^2.0.6"

"@better-scroll/pull-down@^2.0.6":
  version "2.0.6"
  resolved "https://registry.npm.taobao.org/@better-scroll/pull-down/download/@better-scroll/pull-down-2.0.6.tgz#d464cb88f3592eb1e54d909953ee4c56a7cdc5b6"
  integrity sha1-1GTLiPNZLrHlTZCZU+5MVqfNxbY=
  dependencies:
    "@better-scroll/core" "^2.0.6"

"@better-scroll/pull-up@^2.0.6":
  version "2.0.6"
  resolved "https://registry.npm.taobao.org/@better-scroll/pull-up/download/@better-scroll/pull-up-2.0.6.tgz#5e5786d589a46714f83e8c4c0689401749dfd98f"
  integrity sha1-XleG1YmkZxT4PoxMBolAF0nf2Y8=
  dependencies:
    "@better-scroll/core" "^2.0.6"

"@better-scroll/shared-utils@^2.0.6":
  version "2.0.6"
  resolved "https://registry.npm.taobao.org/@better-scroll/shared-utils/download/@better-scroll/shared-utils-2.0.6.tgz#e1051feda90bdf44845abf622034d9fc58e03f33"
  integrity sha1-4QUf7akL30SEWr9iIDTZ/FjgPzM=

typescript@^4.1.3:
  version "4.1.3"
  resolved "https://registry.npm.taobao.org/typescript/download/typescript-4.1.3.tgz?cache=0&sync_timestamp=1608533702986&other_urls=https%3A%2F%2Fregistry.npm.taobao.org%2Ftypescript%2Fdownload%2Ftypescript-4.1.3.tgz#519d582bd94cba0cf8934c7d8e8467e473f53bb7"
  integrity sha1-UZ1YK9lMugz4k0x9joRn5HP1O7c=
